
Microsoft Visual Studio Solution File, Format Version 12.00
# Visual Studio Version 17
VisualStudioVersion = 17.3.32901.215
MinimumVisualStudioVersion = 10.0.40219.1
Project("{FAE04EC0-301F-11D3-BF4B-00C04F79EFBC}") = "Web2ProjectMVC", "Web2ProjectMVC\Web2ProjectMVC.csproj", "{F2B40594-6B00-4707-9344-FD7E0912DAC7}"
EndProject
Global
	GlobalSection(SolutionConfigurationPlatforms) = preSolution
		Debug|Any CPU = Debug|Any CPU
		Release|Any CPU = Release|Any CPU
	EndGlobalSection
	GlobalSection(ProjectConfigurationPlatforms) = postSolution
		{F2B40594-6B00-4707-9344-FD7E0912DAC7}.Debug|Any CPU.ActiveCfg = Debug|Any CPU
		{F2B40594-6B00-4707-9344-FD7E0912DAC7}.Debug|Any CPU.Build.0 = Debug|Any CPU
		{F2B40594-6B00-4707-9344-FD7E0912DAC7}.Release|Any CPU.ActiveCfg = Release|Any CPU
		{F2B40594-6B00-4707-9344-FD7E0912DAC7}.Release|Any CPU.Build.0 = Release|Any CPU
	EndGlobalSection
	GlobalSection(SolutionProperties) = preSolution
		HideSolutionNode = FALSE
	EndGlobalSection
	GlobalSection(ExtensibilityGlobals) = postSolution
		SolutionGuid = {1400A66B-02BE-47CE-B17C-616C5E779032}
	EndGlobalSection
EndGlobal
